// !$*UTF8*$!
{
	archiveVersion = 1;
	classes = {
	};
	objectVersion = 46;
	objects = {

/* Begin PBXBuildFile section */
		2C0F09931EB631E300283A87 /* OverviewViewController.swift in Sources */ = {isa = PBXBuildFile; fileRef = 2C0F09921EB631E300283A87 /* OverviewViewController.swift */; };
		2C1DAC2F1E9D1F2500D2C1BF /* SecureInfoViewController.swift in Sources */ = {isa = PBXBuildFile; fileRef = 2C1DAC2E1E9D1F2500D2C1BF /* SecureInfoViewController.swift */; };
		2C1DAC321E9D331200D2C1BF /* KeychainItemAccessibility.swift in Sources */ = {isa = PBXBuildFile; fileRef = 2C1DAC301E9D331200D2C1BF /* KeychainItemAccessibility.swift */; };
		2C1DAC331E9D331200D2C1BF /* KeychainWrapper.swift in Sources */ = {isa = PBXBuildFile; fileRef = 2C1DAC311E9D331200D2C1BF /* KeychainWrapper.swift */; };
		2C462BFB1E5761BF0093BBB9 /* Stage.swift in Sources */ = {isa = PBXBuildFile; fileRef = 2C462BFA1E5761BF0093BBB9 /* Stage.swift */; };
		2C462BFD1E5762950093BBB9 /* Block.swift in Sources */ = {isa = PBXBuildFile; fileRef = 2C462BFC1E5762950093BBB9 /* Block.swift */; };
		2C52EE611EC0D8A500E92F39 /* MyPlanViewController.swift in Sources */ = {isa = PBXBuildFile; fileRef = 2C52EE601EC0D8A500E92F39 /* MyPlanViewController.swift */; };
		2C52EE631EC115A800E92F39 /* MyPlanCollegesViewController.swift in Sources */ = {isa = PBXBuildFile; fileRef = 2C52EE621EC115A800E92F39 /* MyPlanCollegesViewController.swift */; };
		2C65D9AC1EC36DF10083CEA7 /* College.swift in Sources */ = {isa = PBXBuildFile; fileRef = 2C65D9AB1EC36DF10083CEA7 /* College.swift */; };
		2C65D9AE1EC3771C0083CEA7 /* MyPlanManager.swift in Sources */ = {isa = PBXBuildFile; fileRef = 2C65D9AD1EC3771C0083CEA7 /* MyPlanManager.swift */; };
		2C65D9B01EC4CE920083CEA7 /* MyPlanTableViewCells.swift in Sources */ = {isa = PBXBuildFile; fileRef = 2C65D9AF1EC4CE920083CEA7 /* MyPlanTableViewCells.swift */; };
		2C65D9B21EC4E34C0083CEA7 /* MyPlanBaseViewController.swift in Sources */ = {isa = PBXBuildFile; fileRef = 2C65D9B11EC4E34C0083CEA7 /* MyPlanBaseViewController.swift */; };
		2C65D9B41EC50F1E0083CEA7 /* MyPlanScholarshipsViewController.swift in Sources */ = {isa = PBXBuildFile; fileRef = 2C65D9B31EC50F1E0083CEA7 /* MyPlanScholarshipsViewController.swift */; };
		2C65D9B61EC50FAD0083CEA7 /* Scholarship.swift in Sources */ = {isa = PBXBuildFile; fileRef = 2C65D9B51EC50FAD0083CEA7 /* Scholarship.swift */; };
		2C65D9B81EC519300083CEA7 /* TestResults.swift in Sources */ = {isa = PBXBuildFile; fileRef = 2C65D9B71EC519300083CEA7 /* TestResults.swift */; };
		2C65D9BA1EC526930083CEA7 /* MyPlanTestResultsViewController.swift in Sources */ = {isa = PBXBuildFile; fileRef = 2C65D9B91EC526930083CEA7 /* MyPlanTestResultsViewController.swift */; };
		2C65D9BC1EC574590083CEA7 /* Date+longDescription.swift in Sources */ = {isa = PBXBuildFile; fileRef = 2C65D9BB1EC574590083CEA7 /* Date+longDescription.swift */; };
		2C65D9BE1EC7450A0083CEA7 /* Residency.swift in Sources */ = {isa = PBXBuildFile; fileRef = 2C65D9BD1EC7450A0083CEA7 /* Residency.swift */; };
		2C65D9C01EC7540D0083CEA7 /* MyPlanResidencyViewController.swift in Sources */ = {isa = PBXBuildFile; fileRef = 2C65D9BF1EC7540D0083CEA7 /* MyPlanResidencyViewController.swift */; };
		2C9349341EFB1BBC00E537C0 /* MyPlanCalendarViewController.swift in Sources */ = {isa = PBXBuildFile; fileRef = 2C9349331EFB1BBC00E537C0 /* MyPlanCalendarViewController.swift */; };
		2C9349431EFB1F2100E537C0 /* JBDate.swift in Sources */ = {isa = PBXBuildFile; fileRef = 2C9349361EFB1F2100E537C0 /* JBDate.swift */; };
		2C9349441EFB1F2100E537C0 /* JBDateExtension.swift in Sources */ = {isa = PBXBuildFile; fileRef = 2C9349371EFB1F2100E537C0 /* JBDateExtension.swift */; };
		2C9349451EFB1F2100E537C0 /* JBDatePickerContentVC.swift in Sources */ = {isa = PBXBuildFile; fileRef = 2C9349381EFB1F2100E537C0 /* JBDatePickerContentVC.swift */; };
		2C9349461EFB1F2100E537C0 /* JBDatePickerDayView.swift in Sources */ = {isa = PBXBuildFile; fileRef = 2C9349391EFB1F2100E537C0 /* JBDatePickerDayView.swift */; };
		2C9349471EFB1F2100E537C0 /* JBDatePickerEnums.swift in Sources */ = {isa = PBXBuildFile; fileRef = 2C93493A1EFB1F2100E537C0 /* JBDatePickerEnums.swift */; };
		2C9349481EFB1F2100E537C0 /* JBDatePickerManager.swift in Sources */ = {isa = PBXBuildFile; fileRef = 2C93493B1EFB1F2100E537C0 /* JBDatePickerManager.swift */; };
		2C9349491EFB1F2100E537C0 /* JBDatePickerMonthView.swift in Sources */ = {isa = PBXBuildFile; fileRef = 2C93493C1EFB1F2100E537C0 /* JBDatePickerMonthView.swift */; };
		2C93494A1EFB1F2100E537C0 /* JBDatePickerSelectionView.swift in Sources */ = {isa = PBXBuildFile; fileRef = 2C93493D1EFB1F2100E537C0 /* JBDatePickerSelectionView.swift */; };
		2C93494B1EFB1F2100E537C0 /* JBDatePickerView.swift in Sources */ = {isa = PBXBuildFile; fileRef = 2C93493E1EFB1F2100E537C0 /* JBDatePickerView.swift */; };
		2C93494C1EFB1F2100E537C0 /* JBDatePickerViewDelegate.swift in Sources */ = {isa = PBXBuildFile; fileRef = 2C93493F1EFB1F2100E537C0 /* JBDatePickerViewDelegate.swift */; };
		2C93494D1EFB1F2100E537C0 /* JBDatePickerWeekDaysView.swift in Sources */ = {isa = PBXBuildFile; fileRef = 2C9349401EFB1F2100E537C0 /* JBDatePickerWeekDaysView.swift */; };
		2C93494E1EFB1F2100E537C0 /* JBDatePickerWeekView.swift in Sources */ = {isa = PBXBuildFile; fileRef = 2C9349411EFB1F2100E537C0 /* JBDatePickerWeekView.swift */; };
		2C93494F1EFB1F2100E537C0 /* JBFont.swift in Sources */ = {isa = PBXBuildFile; fileRef = 2C9349421EFB1F2100E537C0 /* JBFont.swift */; };
		2C9349511EFECD0C00E537C0 /* CalendarEvent.swift in Sources */ = {isa = PBXBuildFile; fileRef = 2C9349501EFECD0C00E537C0 /* CalendarEvent.swift */; };
		2C93A7AF1ECBDF77004D4B85 /* Double+currencyDescription.swift in Sources */ = {isa = PBXBuildFile; fileRef = 2C93A7AE1ECBDF77004D4B85 /* Double+currencyDescription.swift */; };
		2CBECF221E7600A400DCC7AD /* StageViewController.swift in Sources */ = {isa = PBXBuildFile; fileRef = 2CBECF211E7600A400DCC7AD /* StageViewController.swift */; };
		C64C19EC1E6640D300F253A0 /* BlockViewController.swift in Sources */ = {isa = PBXBuildFile; fileRef = C64C19EB1E6640D300F253A0 /* BlockViewController.swift */; };
		F93BB5701DECA5D0000C6C56 /* AppDelegate.swift in Sources */ = {isa = PBXBuildFile; fileRef = F93BB56F1DECA5D0000C6C56 /* AppDelegate.swift */; };
		F93BB5751DECA5D0000C6C56 /* Main.storyboard in Resources */ = {isa = PBXBuildFile; fileRef = F93BB5731DECA5D0000C6C56 /* Main.storyboard */; };
		F93BB57A1DECA5D0000C6C56 /* Assets.xcassets in Resources */ = {isa = PBXBuildFile; fileRef = F93BB5791DECA5D0000C6C56 /* Assets.xcassets */; };
		F93BB57D1DECA5D0000C6C56 /* LaunchScreen.storyboard in Resources */ = {isa = PBXBuildFile; fileRef = F93BB57B1DECA5D0000C6C56 /* LaunchScreen.storyboard */; };
		F93BB5851DECAAAA000C6C56 /* Checkpoint.swift in Sources */ = {isa = PBXBuildFile; fileRef = F93BB5841DECAAAA000C6C56 /* Checkpoint.swift */; };
		F93BB5871DECAB32000C6C56 /* CheckpointManager.swift in Sources */ = {isa = PBXBuildFile; fileRef = F93BB5861DECAB32000C6C56 /* CheckpointManager.swift */; };
/* End PBXBuildFile section */

/* Begin PBXFileReference section */
		2C0F09921EB631E300283A87 /* OverviewViewController.swift */ = {isa = PBXFileReference; fileEncoding = 4; lastKnownFileType = sourcecode.swift; path = OverviewViewController.swift; sourceTree = "<group>"; };
		2C1DAC2E1E9D1F2500D2C1BF /* SecureInfoViewController.swift */ = {isa = PBXFileReference; fileEncoding = 4; lastKnownFileType = sourcecode.swift; path = SecureInfoViewController.swift; sourceTree = "<group>"; };
		2C1DAC301E9D331200D2C1BF /* KeychainItemAccessibility.swift */ = {isa = PBXFileReference; fileEncoding = 4; lastKnownFileType = sourcecode.swift; path = KeychainItemAccessibility.swift; sourceTree = "<group>"; };
		2C1DAC311E9D331200D2C1BF /* KeychainWrapper.swift */ = {isa = PBXFileReference; fileEncoding = 4; lastKnownFileType = sourcecode.swift; path = KeychainWrapper.swift; sourceTree = "<group>"; };
		2C462BFA1E5761BF0093BBB9 /* Stage.swift */ = {isa = PBXFileReference; fileEncoding = 4; lastKnownFileType = sourcecode.swift; path = Stage.swift; sourceTree = "<group>"; };
		2C462BFC1E5762950093BBB9 /* Block.swift */ = {isa = PBXFileReference; fileEncoding = 4; lastKnownFileType = sourcecode.swift; path = Block.swift; sourceTree = "<group>"; };
		2C52EE601EC0D8A500E92F39 /* MyPlanViewController.swift */ = {isa = PBXFileReference; fileEncoding = 4; lastKnownFileType = sourcecode.swift; path = MyPlanViewController.swift; sourceTree = "<group>"; };
		2C52EE621EC115A800E92F39 /* MyPlanCollegesViewController.swift */ = {isa = PBXFileReference; fileEncoding = 4; lastKnownFileType = sourcecode.swift; path = MyPlanCollegesViewController.swift; sourceTree = "<group>"; };
		2C65D9AB1EC36DF10083CEA7 /* College.swift */ = {isa = PBXFileReference; fileEncoding = 4; lastKnownFileType = sourcecode.swift; path = College.swift; sourceTree = "<group>"; };
		2C65D9AD1EC3771C0083CEA7 /* MyPlanManager.swift */ = {isa = PBXFileReference; fileEncoding = 4; lastKnownFileType = sourcecode.swift; path = MyPlanManager.swift; sourceTree = "<group>"; };
		2C65D9AF1EC4CE920083CEA7 /* MyPlanTableViewCells.swift */ = {isa = PBXFileReference; fileEncoding = 4; lastKnownFileType = sourcecode.swift; path = MyPlanTableViewCells.swift; sourceTree = "<group>"; };
		2C65D9B11EC4E34C0083CEA7 /* MyPlanBaseViewController.swift */ = {isa = PBXFileReference; fileEncoding = 4; lastKnownFileType = sourcecode.swift; path = MyPlanBaseViewController.swift; sourceTree = "<group>"; };
		2C65D9B31EC50F1E0083CEA7 /* MyPlanScholarshipsViewController.swift */ = {isa = PBXFileReference; fileEncoding = 4; lastKnownFileType = sourcecode.swift; path = MyPlanScholarshipsViewController.swift; sourceTree = "<group>"; };
		2C65D9B51EC50FAD0083CEA7 /* Scholarship.swift */ = {isa = PBXFileReference; fileEncoding = 4; lastKnownFileType = sourcecode.swift; path = Scholarship.swift; sourceTree = "<group>"; };
		2C65D9B71EC519300083CEA7 /* TestResults.swift */ = {isa = PBXFileReference; fileEncoding = 4; lastKnownFileType = sourcecode.swift; path = TestResults.swift; sourceTree = "<group>"; };
		2C65D9B91EC526930083CEA7 /* MyPlanTestResultsViewController.swift */ = {isa = PBXFileReference; fileEncoding = 4; lastKnownFileType = sourcecode.swift; path = MyPlanTestResultsViewController.swift; sourceTree = "<group>"; };
		2C65D9BB1EC574590083CEA7 /* Date+longDescription.swift */ = {isa = PBXFileReference; fileEncoding = 4; lastKnownFileType = sourcecode.swift; path = "Date+longDescription.swift"; sourceTree = "<group>"; };
		2C65D9BD1EC7450A0083CEA7 /* Residency.swift */ = {isa = PBXFileReference; fileEncoding = 4; lastKnownFileType = sourcecode.swift; path = Residency.swift; sourceTree = "<group>"; };
		2C65D9BF1EC7540D0083CEA7 /* MyPlanResidencyViewController.swift */ = {isa = PBXFileReference; fileEncoding = 4; lastKnownFileType = sourcecode.swift; path = MyPlanResidencyViewController.swift; sourceTree = "<group>"; };
		2C9349331EFB1BBC00E537C0 /* MyPlanCalendarViewController.swift */ = {isa = PBXFileReference; fileEncoding = 4; lastKnownFileType = sourcecode.swift; path = MyPlanCalendarViewController.swift; sourceTree = "<group>"; };
		2C9349361EFB1F2100E537C0 /* JBDate.swift */ = {isa = PBXFileReference; fileEncoding = 4; lastKnownFileType = sourcecode.swift; path = JBDate.swift; sourceTree = "<group>"; };
		2C9349371EFB1F2100E537C0 /* JBDateExtension.swift */ = {isa = PBXFileReference; fileEncoding = 4; lastKnownFileType = sourcecode.swift; path = JBDateExtension.swift; sourceTree = "<group>"; };
		2C9349381EFB1F2100E537C0 /* JBDatePickerContentVC.swift */ = {isa = PBXFileReference; fileEncoding = 4; lastKnownFileType = sourcecode.swift; path = JBDatePickerContentVC.swift; sourceTree = "<group>"; };
		2C9349391EFB1F2100E537C0 /* JBDatePickerDayView.swift */ = {isa = PBXFileReference; fileEncoding = 4; lastKnownFileType = sourcecode.swift; path = JBDatePickerDayView.swift; sourceTree = "<group>"; };
		2C93493A1EFB1F2100E537C0 /* JBDatePickerEnums.swift */ = {isa = PBXFileReference; fileEncoding = 4; lastKnownFileType = sourcecode.swift; path = JBDatePickerEnums.swift; sourceTree = "<group>"; };
		2C93493B1EFB1F2100E537C0 /* JBDatePickerManager.swift */ = {isa = PBXFileReference; fileEncoding = 4; lastKnownFileType = sourcecode.swift; path = JBDatePickerManager.swift; sourceTree = "<group>"; };
		2C93493C1EFB1F2100E537C0 /* JBDatePickerMonthView.swift */ = {isa = PBXFileReference; fileEncoding = 4; lastKnownFileType = sourcecode.swift; path = JBDatePickerMonthView.swift; sourceTree = "<group>"; };
		2C93493D1EFB1F2100E537C0 /* JBDatePickerSelectionView.swift */ = {isa = PBXFileReference; fileEncoding = 4; lastKnownFileType = sourcecode.swift; path = JBDatePickerSelectionView.swift; sourceTree = "<group>"; };
		2C93493E1EFB1F2100E537C0 /* JBDatePickerView.swift */ = {isa = PBXFileReference; fileEncoding = 4; lastKnownFileType = sourcecode.swift; path = JBDatePickerView.swift; sourceTree = "<group>"; };
		2C93493F1EFB1F2100E537C0 /* JBDatePickerViewDelegate.swift */ = {isa = PBXFileReference; fileEncoding = 4; lastKnownFileType = sourcecode.swift; path = JBDatePickerViewDelegate.swift; sourceTree = "<group>"; };
		2C9349401EFB1F2100E537C0 /* JBDatePickerWeekDaysView.swift */ = {isa = PBXFileReference; fileEncoding = 4; lastKnownFileType = sourcecode.swift; path = JBDatePickerWeekDaysView.swift; sourceTree = "<group>"; };
		2C9349411EFB1F2100E537C0 /* JBDatePickerWeekView.swift */ = {isa = PBXFileReference; fileEncoding = 4; lastKnownFileType = sourcecode.swift; path = JBDatePickerWeekView.swift; sourceTree = "<group>"; };
		2C9349421EFB1F2100E537C0 /* JBFont.swift */ = {isa = PBXFileReference; fileEncoding = 4; lastKnownFileType = sourcecode.swift; path = JBFont.swift; sourceTree = "<group>"; };
		2C9349501EFECD0C00E537C0 /* CalendarEvent.swift */ = {isa = PBXFileReference; fileEncoding = 4; lastKnownFileType = sourcecode.swift; path = CalendarEvent.swift; sourceTree = "<group>"; };
		2C93A7AE1ECBDF77004D4B85 /* Double+currencyDescription.swift */ = {isa = PBXFileReference; fileEncoding = 4; lastKnownFileType = sourcecode.swift; path = "Double+currencyDescription.swift"; sourceTree = "<group>"; };
		2CBECF211E7600A400DCC7AD /* StageViewController.swift */ = {isa = PBXFileReference; fileEncoding = 4; lastKnownFileType = sourcecode.swift; path = StageViewController.swift; sourceTree = "<group>"; };
		C64C19EB1E6640D300F253A0 /* BlockViewController.swift */ = {isa = PBXFileReference; fileEncoding = 4; lastKnownFileType = sourcecode.swift; path = BlockViewController.swift; sourceTree = "<group>"; };
		F93BB56C1DECA5D0000C6C56 /* Oregon GEAR UP App.app */ = {isa = PBXFileReference; explicitFileType = wrapper.application; includeInIndex = 0; path = "Oregon GEAR UP App.app"; sourceTree = BUILT_PRODUCTS_DIR; };
		F93BB56F1DECA5D0000C6C56 /* AppDelegate.swift */ = {isa = PBXFileReference; lastKnownFileType = sourcecode.swift; path = AppDelegate.swift; sourceTree = "<group>"; };
		F93BB5741DECA5D0000C6C56 /* Base */ = {isa = PBXFileReference; lastKnownFileType = file.storyboard; name = Base; path = Base.lproj/Main.storyboard; sourceTree = "<group>"; };
		F93BB5791DECA5D0000C6C56 /* Assets.xcassets */ = {isa = PBXFileReference; lastKnownFileType = folder.assetcatalog; path = Assets.xcassets; sourceTree = "<group>"; };
		F93BB57C1DECA5D0000C6C56 /* Base */ = {isa = PBXFileReference; lastKnownFileType = file.storyboard; name = Base; path = Base.lproj/LaunchScreen.storyboard; sourceTree = "<group>"; };
		F93BB57E1DECA5D0000C6C56 /* Info.plist */ = {isa = PBXFileReference; lastKnownFileType = text.plist.xml; path = Info.plist; sourceTree = "<group>"; };
		F93BB5841DECAAAA000C6C56 /* Checkpoint.swift */ = {isa = PBXFileReference; fileEncoding = 4; lastKnownFileType = sourcecode.swift; path = Checkpoint.swift; sourceTree = "<group>"; };
		F93BB5861DECAB32000C6C56 /* CheckpointManager.swift */ = {isa = PBXFileReference; fileEncoding = 4; lastKnownFileType = sourcecode.swift; path = CheckpointManager.swift; sourceTree = "<group>"; };
/* End PBXFileReference section */

/* Begin PBXFrameworksBuildPhase section */
		F93BB5691DECA5CF000C6C56 /* Frameworks */ = {
			isa = PBXFrameworksBuildPhase;
			buildActionMask = 2147483647;
			files = (
			);
			runOnlyForDeploymentPostprocessing = 0;
		};
/* End PBXFrameworksBuildPhase section */

/* Begin PBXGroup section */
		2C9349351EFB1F2100E537C0 /* Calendar */ = {
			isa = PBXGroup;
			children = (
				2C9349361EFB1F2100E537C0 /* JBDate.swift */,
				2C9349371EFB1F2100E537C0 /* JBDateExtension.swift */,
				2C9349381EFB1F2100E537C0 /* JBDatePickerContentVC.swift */,
				2C9349391EFB1F2100E537C0 /* JBDatePickerDayView.swift */,
				2C93493A1EFB1F2100E537C0 /* JBDatePickerEnums.swift */,
				2C93493B1EFB1F2100E537C0 /* JBDatePickerManager.swift */,
				2C93493C1EFB1F2100E537C0 /* JBDatePickerMonthView.swift */,
				2C93493D1EFB1F2100E537C0 /* JBDatePickerSelectionView.swift */,
				2C93493E1EFB1F2100E537C0 /* JBDatePickerView.swift */,
				2C93493F1EFB1F2100E537C0 /* JBDatePickerViewDelegate.swift */,
				2C9349401EFB1F2100E537C0 /* JBDatePickerWeekDaysView.swift */,
				2C9349411EFB1F2100E537C0 /* JBDatePickerWeekView.swift */,
				2C9349421EFB1F2100E537C0 /* JBFont.swift */,
			);
			path = Calendar;
			sourceTree = "<group>";
		};
		F93BB5631DECA5CF000C6C56 = {
			isa = PBXGroup;
			children = (
				F93BB56E1DECA5D0000C6C56 /* Oregon GEAR UP App */,
				F93BB56D1DECA5D0000C6C56 /* Products */,
			);
			sourceTree = "<group>";
		};
		F93BB56D1DECA5D0000C6C56 /* Products */ = {
			isa = PBXGroup;
			children = (
				F93BB56C1DECA5D0000C6C56 /* Oregon GEAR UP App.app */,
			);
			name = Products;
			sourceTree = "<group>";
		};
		F93BB56E1DECA5D0000C6C56 /* Oregon GEAR UP App */ = {
			isa = PBXGroup;
			children = (
				F93BB56F1DECA5D0000C6C56 /* AppDelegate.swift */,
				2C0F09921EB631E300283A87 /* OverviewViewController.swift */,
				C64C19EB1E6640D300F253A0 /* BlockViewController.swift */,
				2CBECF211E7600A400DCC7AD /* StageViewController.swift */,
				2C1DAC2E1E9D1F2500D2C1BF /* SecureInfoViewController.swift */,
				2C52EE601EC0D8A500E92F39 /* MyPlanViewController.swift */,
				2C52EE621EC115A800E92F39 /* MyPlanCollegesViewController.swift */,
				2C65D9B31EC50F1E0083CEA7 /* MyPlanScholarshipsViewController.swift */,
				2C65D9B91EC526930083CEA7 /* MyPlanTestResultsViewController.swift */,
				2C65D9BF1EC7540D0083CEA7 /* MyPlanResidencyViewController.swift */,
				2C9349331EFB1BBC00E537C0 /* MyPlanCalendarViewController.swift */,
				2C65D9B11EC4E34C0083CEA7 /* MyPlanBaseViewController.swift */,
				2C65D9AF1EC4CE920083CEA7 /* MyPlanTableViewCells.swift */,
				2C9349351EFB1F2100E537C0 /* Calendar */,
				F93BB5731DECA5D0000C6C56 /* Main.storyboard */,
				F93BB5791DECA5D0000C6C56 /* Assets.xcassets */,
				F93BB57B1DECA5D0000C6C56 /* LaunchScreen.storyboard */,
				F93BB57E1DECA5D0000C6C56 /* Info.plist */,
				2C462BFC1E5762950093BBB9 /* Block.swift */,
				2C462BFA1E5761BF0093BBB9 /* Stage.swift */,
				F93BB5841DECAAAA000C6C56 /* Checkpoint.swift */,
				F93BB5861DECAB32000C6C56 /* CheckpointManager.swift */,
				2C65D9AB1EC36DF10083CEA7 /* College.swift */,
				2C65D9B51EC50FAD0083CEA7 /* Scholarship.swift */,
				2C65D9B71EC519300083CEA7 /* TestResults.swift */,
				2C65D9BD1EC7450A0083CEA7 /* Residency.swift */,
				2C9349501EFECD0C00E537C0 /* CalendarEvent.swift */,
				2C65D9AD1EC3771C0083CEA7 /* MyPlanManager.swift */,
				2C65D9BB1EC574590083CEA7 /* Date+longDescription.swift */,
				2C93A7AE1ECBDF77004D4B85 /* Double+currencyDescription.swift */,
				2C1DAC301E9D331200D2C1BF /* KeychainItemAccessibility.swift */,
				2C1DAC311E9D331200D2C1BF /* KeychainWrapper.swift */,
			);
			path = "Oregon GEAR UP App";
			sourceTree = "<group>";
		};
/* End PBXGroup section */

/* Begin PBXNativeTarget section */
		F93BB56B1DECA5CF000C6C56 /* Oregon GEAR UP App */ = {
			isa = PBXNativeTarget;
			buildConfigurationList = F93BB5811DECA5D0000C6C56 /* Build configuration list for PBXNativeTarget "Oregon GEAR UP App" */;
			buildPhases = (
				F93BB5681DECA5CF000C6C56 /* Sources */,
				F93BB5691DECA5CF000C6C56 /* Frameworks */,
				F93BB56A1DECA5CF000C6C56 /* Resources */,
			);
			buildRules = (
			);
			dependencies = (
			);
			name = "Oregon GEAR UP App";
			productName = "Oregon GEAR UP App";
			productReference = F93BB56C1DECA5D0000C6C56 /* Oregon GEAR UP App.app */;
			productType = "com.apple.product-type.application";
		};
/* End PBXNativeTarget section */

/* Begin PBXProject section */
		F93BB5641DECA5CF000C6C56 /* Project object */ = {
			isa = PBXProject;
			attributes = {
				LastSwiftUpdateCheck = 0800;
				LastUpgradeCheck = 0820;
				ORGANIZATIONNAME = "Oregon GEAR UP";
				TargetAttributes = {
					F93BB56B1DECA5CF000C6C56 = {
						CreatedOnToolsVersion = 8.0;
						DevelopmentTeam = 8MQWG368EY;
						ProvisioningStyle = Automatic;
					};
				};
			};
			buildConfigurationList = F93BB5671DECA5CF000C6C56 /* Build configuration list for PBXProject "Oregon GEAR UP App" */;
			compatibilityVersion = "Xcode 3.2";
			developmentRegion = English;
			hasScannedForEncodings = 0;
			knownRegions = (
				en,
				Base,
			);
			mainGroup = F93BB5631DECA5CF000C6C56;
			productRefGroup = F93BB56D1DECA5D0000C6C56 /* Products */;
			projectDirPath = "";
			projectRoot = "";
			targets = (
				F93BB56B1DECA5CF000C6C56 /* Oregon GEAR UP App */,
			);
		};
/* End PBXProject section */

/* Begin PBXResourcesBuildPhase section */
		F93BB56A1DECA5CF000C6C56 /* Resources */ = {
			isa = PBXResourcesBuildPhase;
			buildActionMask = 2147483647;
			files = (
				F93BB57D1DECA5D0000C6C56 /* LaunchScreen.storyboard in Resources */,
				F93BB57A1DECA5D0000C6C56 /* Assets.xcassets in Resources */,
				F93BB5751DECA5D0000C6C56 /* Main.storyboard in Resources */,
			);
			runOnlyForDeploymentPostprocessing = 0;
		};
/* End PBXResourcesBuildPhase section */

/* Begin PBXSourcesBuildPhase section */
		F93BB5681DECA5CF000C6C56 /* Sources */ = {
			isa = PBXSourcesBuildPhase;
			buildActionMask = 2147483647;
			files = (
				2C65D9BE1EC7450A0083CEA7 /* Residency.swift in Sources */,
				2C65D9B81EC519300083CEA7 /* TestResults.swift in Sources */,
				2C462BFB1E5761BF0093BBB9 /* Stage.swift in Sources */,
				2C462BFD1E5762950093BBB9 /* Block.swift in Sources */,
				2C93494B1EFB1F2100E537C0 /* JBDatePickerView.swift in Sources */,
				F93BB5871DECAB32000C6C56 /* CheckpointManager.swift in Sources */,
				2C1DAC331E9D331200D2C1BF /* KeychainWrapper.swift in Sources */,
				2C1DAC321E9D331200D2C1BF /* KeychainItemAccessibility.swift in Sources */,
				2C9349441EFB1F2100E537C0 /* JBDateExtension.swift in Sources */,
				2C52EE611EC0D8A500E92F39 /* MyPlanViewController.swift in Sources */,
				2C9349511EFECD0C00E537C0 /* CalendarEvent.swift in Sources */,
				2C65D9B21EC4E34C0083CEA7 /* MyPlanBaseViewController.swift in Sources */,
				2C93A7AF1ECBDF77004D4B85 /* Double+currencyDescription.swift in Sources */,
				2C9349461EFB1F2100E537C0 /* JBDatePickerDayView.swift in Sources */,
				2C65D9BA1EC526930083CEA7 /* MyPlanTestResultsViewController.swift in Sources */,
				2C0F09931EB631E300283A87 /* OverviewViewController.swift in Sources */,
				F93BB5701DECA5D0000C6C56 /* AppDelegate.swift in Sources */,
				2C52EE631EC115A800E92F39 /* MyPlanCollegesViewController.swift in Sources */,
				2C9349431EFB1F2100E537C0 /* JBDate.swift in Sources */,
				2C65D9AE1EC3771C0083CEA7 /* MyPlanManager.swift in Sources */,
				2C9349341EFB1BBC00E537C0 /* MyPlanCalendarViewController.swift in Sources */,
				2C65D9C01EC7540D0083CEA7 /* MyPlanResidencyViewController.swift in Sources */,
				2C9349491EFB1F2100E537C0 /* JBDatePickerMonthView.swift in Sources */,
				2C65D9B41EC50F1E0083CEA7 /* MyPlanScholarshipsViewController.swift in Sources */,
				2C93494C1EFB1F2100E537C0 /* JBDatePickerViewDelegate.swift in Sources */,
				2C93494D1EFB1F2100E537C0 /* JBDatePickerWeekDaysView.swift in Sources */,
				2C93494F1EFB1F2100E537C0 /* JBFont.swift in Sources */,
				2C65D9B01EC4CE920083CEA7 /* MyPlanTableViewCells.swift in Sources */,
				2CBECF221E7600A400DCC7AD /* StageViewController.swift in Sources */,
				2C9349481EFB1F2100E537C0 /* JBDatePickerManager.swift in Sources */,
				2C93494E1EFB1F2100E537C0 /* JBDatePickerWeekView.swift in Sources */,
				C64C19EC1E6640D300F253A0 /* BlockViewController.swift in Sources */,
				2C65D9BC1EC574590083CEA7 /* Date+longDescription.swift in Sources */,
				2C9349451EFB1F2100E537C0 /* JBDatePickerContentVC.swift in Sources */,
				2C65D9B61EC50FAD0083CEA7 /* Scholarship.swift in Sources */,
				2C9349471EFB1F2100E537C0 /* JBDatePickerEnums.swift in Sources */,
				F93BB5851DECAAAA000C6C56 /* Checkpoint.swift in Sources */,
				2C1DAC2F1E9D1F2500D2C1BF /* SecureInfoViewController.swift in Sources */,
				2C65D9AC1EC36DF10083CEA7 /* College.swift in Sources */,
				2C93494A1EFB1F2100E537C0 /* JBDatePickerSelectionView.swift in Sources */,
			);
			runOnlyForDeploymentPostprocessing = 0;
		};
/* End PBXSourcesBuildPhase section */

/* Begin PBXVariantGroup section */
		F93BB5731DECA5D0000C6C56 /* Main.storyboard */ = {
			isa = PBXVariantGroup;
			children = (
				F93BB5741DECA5D0000C6C56 /* Base */,
			);
			name = Main.storyboard;
			sourceTree = "<group>";
		};
		F93BB57B1DECA5D0000C6C56 /* LaunchScreen.storyboard */ = {
			isa = PBXVariantGroup;
			children = (
				F93BB57C1DECA5D0000C6C56 /* Base */,
			);
			name = LaunchScreen.storyboard;
			sourceTree = "<group>";
		};
/* End PBXVariantGroup section */

/* Begin XCBuildConfiguration section */
		F93BB57F1DECA5D0000C6C56 /* Debug */ = {
			isa = XCBuildConfiguration;
			buildSettings = {
				ALWAYS_SEARCH_USER_PATHS = NO;
				CLANG_ANALYZER_NONNULL = YES;
				CLANG_CXX_LANGUAGE_STANDARD = "gnu++0x";
				CLANG_CXX_LIBRARY = "libc++";
				CLANG_ENABLE_MODULES = YES;
				CLANG_ENABLE_OBJC_ARC = YES;
				CLANG_WARN_BOOL_CONVERSION = YES;
				CLANG_WARN_CONSTANT_CONVERSION = YES;
				CLANG_WARN_DIRECT_OBJC_ISA_USAGE = YES_ERROR;
				CLANG_WARN_DOCUMENTATION_COMMENTS = YES;
				CLANG_WARN_EMPTY_BODY = YES;
				CLANG_WARN_ENUM_CONVERSION = YES;
				CLANG_WARN_INFINITE_RECURSION = YES;
				CLANG_WARN_INT_CONVERSION = YES;
				CLANG_WARN_OBJC_ROOT_CLASS = YES_ERROR;
				CLANG_WARN_SUSPICIOUS_MOVE = YES;
				CLANG_WARN_SUSPICIOUS_MOVES = YES;
				CLANG_WARN_UNREACHABLE_CODE = YES;
				CLANG_WARN__DUPLICATE_METHOD_MATCH = YES;
				"CODE_SIGN_IDENTITY[sdk=iphoneos*]" = "iPhone Developer";
				COPY_PHASE_STRIP = NO;
				DEBUG_INFORMATION_FORMAT = dwarf;
				ENABLE_STRICT_OBJC_MSGSEND = YES;
				ENABLE_TESTABILITY = YES;
				GCC_C_LANGUAGE_STANDARD = gnu99;
				GCC_DYNAMIC_NO_PIC = NO;
				GCC_NO_COMMON_BLOCKS = YES;
				GCC_OPTIMIZATION_LEVEL = 0;
				GCC_PREPROCESSOR_DEFINITIONS = (
					"DEBUG=1",
					"$(inherited)",
				);
				GCC_WARN_64_TO_32_BIT_CONVERSION = YES;
				GCC_WARN_ABOUT_RETURN_TYPE = YES_ERROR;
				GCC_WARN_UNDECLARED_SELECTOR = YES;
				GCC_WARN_UNINITIALIZED_AUTOS = YES_AGGRESSIVE;
				GCC_WARN_UNUSED_FUNCTION = YES;
				GCC_WARN_UNUSED_VARIABLE = YES;
				IPHONEOS_DEPLOYMENT_TARGET = 9.0;
				MTL_ENABLE_DEBUG_INFO = YES;
				ONLY_ACTIVE_ARCH = YES;
				SDKROOT = iphoneos;
				SWIFT_ACTIVE_COMPILATION_CONDITIONS = DEBUG;
				SWIFT_OPTIMIZATION_LEVEL = "-Onone";
			};
			name = Debug;
		};
		F93BB5801DECA5D0000C6C56 /* Release */ = {
			isa = XCBuildConfiguration;
			buildSettings = {
				ALWAYS_SEARCH_USER_PATHS = NO;
				CLANG_ANALYZER_NONNULL = YES;
				CLANG_CXX_LANGUAGE_STANDARD = "gnu++0x";
				CLANG_CXX_LIBRARY = "libc++";
				CLANG_ENABLE_MODULES = YES;
				CLANG_ENABLE_OBJC_ARC = YES;
				CLANG_WARN_BOOL_CONVERSION = YES;
				CLANG_WARN_CONSTANT_CONVERSION = YES;
				CLANG_WARN_DIRECT_OBJC_ISA_USAGE = YES_ERROR;
				CLANG_WARN_DOCUMENTATION_COMMENTS = YES;
				CLANG_WARN_EMPTY_BODY = YES;
				CLANG_WARN_ENUM_CONVERSION = YES;
				CLANG_WARN_INFINITE_RECURSION = YES;
				CLANG_WARN_INT_CONVERSION = YES;
				CLANG_WARN_OBJC_ROOT_CLASS = YES_ERROR;
				CLANG_WARN_SUSPICIOUS_MOVE = YES;
				CLANG_WARN_SUSPICIOUS_MOVES = YES;
				CLANG_WARN_UNREACHABLE_CODE = YES;
				CLANG_WARN__DUPLICATE_METHOD_MATCH = YES;
				"CODE_SIGN_IDENTITY[sdk=iphoneos*]" = "iPhone Developer";
				COPY_PHASE_STRIP = NO;
				DEBUG_INFORMATION_FORMAT = "dwarf-with-dsym";
				ENABLE_NS_ASSERTIONS = NO;
				ENABLE_STRICT_OBJC_MSGSEND = YES;
				GCC_C_LANGUAGE_STANDARD = gnu99;
				GCC_NO_COMMON_BLOCKS = YES;
				GCC_WARN_64_TO_32_BIT_CONVERSION = YES;
				GCC_WARN_ABOUT_RETURN_TYPE = YES_ERROR;
				GCC_WARN_UNDECLARED_SELECTOR = YES;
				GCC_WARN_UNINITIALIZED_AUTOS = YES_AGGRESSIVE;
				GCC_WARN_UNUSED_FUNCTION = YES;
				GCC_WARN_UNUSED_VARIABLE = YES;
				IPHONEOS_DEPLOYMENT_TARGET = 9.0;
				MTL_ENABLE_DEBUG_INFO = NO;
				SDKROOT = iphoneos;
				SWIFT_OPTIMIZATION_LEVEL = "-Owholemodule";
				VALIDATE_PRODUCT = YES;
			};
			name = Release;
		};
		F93BB5821DECA5D0000C6C56 /* Debug */ = {
			isa = XCBuildConfiguration;
			buildSettings = {
				ASSETCATALOG_COMPILER_APPICON_NAME = AppIcon;
				"CODE_SIGN_IDENTITY[sdk=iphoneos*]" = "iPhone Developer";
				DEVELOPMENT_TEAM = 8MQWG368EY;
				INFOPLIST_FILE = "Oregon GEAR UP App/Info.plist";
				LD_RUNPATH_SEARCH_PATHS = "$(inherited) @executable_path/Frameworks";
				PRODUCT_BUNDLE_IDENTIFIER = "com.sck-designs.OGC";
				PRODUCT_NAME = "$(TARGET_NAME)";
				PROVISIONING_PROFILE = "";
				PROVISIONING_PROFILE_SPECIFIER = "";
				SWIFT_VERSION = 3.0;
			};
			name = Debug;
		};
		F93BB5831DECA5D0000C6C56 /* Release */ = {
			isa = XCBuildConfiguration;
			buildSettings = {
				ASSETCATALOG_COMPILER_APPICON_NAME = AppIcon;
				"CODE_SIGN_IDENTITY[sdk=iphoneos*]" = "iPhone Developer";
				DEVELOPMENT_TEAM = 8MQWG368EY;
				INFOPLIST_FILE = "Oregon GEAR UP App/Info.plist";
				LD_RUNPATH_SEARCH_PATHS = "$(inherited) @executable_path/Frameworks";
				PRODUCT_BUNDLE_IDENTIFIER = "com.sck-designs.OGC";
				PRODUCT_NAME = "$(TARGET_NAME)";
				PROVISIONING_PROFILE = "";
				PROVISIONING_PROFILE_SPECIFIER = "";
				SWIFT_VERSION = 3.0;
			};
			name = Release;
		};
/* End XCBuildConfiguration section */

/* Begin XCConfigurationList section */
		F93BB5671DECA5CF000C6C56 /* Build configuration list for PBXProject "Oregon GEAR UP App" */ = {
			isa = XCConfigurationList;
			buildConfigurations = (
				F93BB57F1DECA5D0000C6C56 /* Debug */,
				F93BB5801DECA5D0000C6C56 /* Release */,
			);
			defaultConfigurationIsVisible = 0;
			defaultConfigurationName = Release;
		};
		F93BB5811DECA5D0000C6C56 /* Build configuration list for PBXNativeTarget "Oregon GEAR UP App" */ = {
			isa = XCConfigurationList;
			buildConfigurations = (
				F93BB5821DECA5D0000C6C56 /* Debug */,
				F93BB5831DECA5D0000C6C56 /* Release */,
			);
			defaultConfigurationIsVisible = 0;
			defaultConfigurationName = Release;
		};
/* End XCConfigurationList section */
	};
	rootObject = F93BB5641DECA5CF000C6C56 /* Project object */;
}
